
Microsoft Visual Studio Solution File, Format Version 12.00
# Visual Studio 15
VisualStudioVersion = 15.0.28307.136
MinimumVisualStudioVersion = 10.0.40219.1
Project("{FAE04EC0-301F-11D3-BF4B-00C04F79EFBC}") = "Shultz Studios", "Shultz Studios\Shultz Studios.csproj", "{B6C58610-3261-4179-9400-235463584173}"
EndProject
Project("{FAE04EC0-301F-11D3-BF4B-00C04F79EFBC}") = "DataAccessLayer", "DataAccessLayer\DataAccessLayer.csproj", "{9951C25C-EB4F-461C-97A1-A4FC419BA440}"
EndProject
Project("{FAE04EC0-301F-11D3-BF4B-00C04F79EFBC}") = "UtilityLogger", "UtilityLager\UtilityLogger.csproj", "{E89C2582-2E74-486F-84E9-8E0358E04C65}"
EndProject
Project("{FAE04EC0-301F-11D3-BF4B-00C04F79EFBC}") = "BusinessLayer", "BusinessLayer\BusinessLayer.csproj", "{99E90A69-15F4-4E9F-9DFA-6ACC34131622}"
EndProject
Project("{FAE04EC0-301F-11D3-BF4B-00C04F79EFBC}") = "UnitTest", "UnitTest\UnitTest.csproj", "{E100EF03-9873-4563-9D1A-36C0BB353477}"
EndProject
Global
	GlobalSection(SolutionConfigurationPlatforms) = preSolution
		Debug|Any CPU = Debug|Any CPU
		Release|Any CPU = Release|Any CPU
	EndGlobalSection
	GlobalSection(ProjectConfigurationPlatforms) = postSolution
		{B6C58610-3261-4179-9400-235463584173}.Debug|Any CPU.ActiveCfg = Debug|Any CPU
		{B6C58610-3261-4179-9400-235463584173}.Debug|Any CPU.Build.0 = Debug|Any CPU
		{B6C58610-3261-4179-9400-235463584173}.Release|Any CPU.ActiveCfg = Release|Any CPU
		{B6C58610-3261-4179-9400-235463584173}.Release|Any CPU.Build.0 = Release|Any CPU
		{9951C25C-EB4F-461C-97A1-A4FC419BA440}.Debug|Any CPU.ActiveCfg = Debug|Any CPU
		{9951C25C-EB4F-461C-97A1-A4FC419BA440}.Debug|Any CPU.Build.0 = Debug|Any CPU
		{9951C25C-EB4F-461C-97A1-A4FC419BA440}.Release|Any CPU.ActiveCfg = Release|Any CPU
		{9951C25C-EB4F-461C-97A1-A4FC419BA440}.Release|Any CPU.Build.0 = Release|Any CPU
		{E89C2582-2E74-486F-84E9-8E0358E04C65}.Debug|Any CPU.ActiveCfg = Debug|Any CPU
		{E89C2582-2E74-486F-84E9-8E0358E04C65}.Debug|Any CPU.Build.0 = Debug|Any CPU
		{E89C2582-2E74-486F-84E9-8E0358E04C65}.Release|Any CPU.ActiveCfg = Release|Any CPU
		{E89C2582-2E74-486F-84E9-8E0358E04C65}.Release|Any CPU.Build.0 = Release|Any CPU
		{99E90A69-15F4-4E9F-9DFA-6ACC34131622}.Debug|Any CPU.ActiveCfg = Debug|Any CPU
		{99E90A69-15F4-4E9F-9DFA-6ACC34131622}.Debug|Any CPU.Build.0 = Debug|Any CPU
		{99E90A69-15F4-4E9F-9DFA-6ACC34131622}.Release|Any CPU.ActiveCfg = Release|Any CPU
		{99E90A69-15F4-4E9F-9DFA-6ACC34131622}.Release|Any CPU.Build.0 = Release|Any CPU
		{E100EF03-9873-4563-9D1A-36C0BB353477}.Debug|Any CPU.ActiveCfg = Debug|Any CPU
		{E100EF03-9873-4563-9D1A-36C0BB353477}.Debug|Any CPU.Build.0 = Debug|Any CPU
		{E100EF03-9873-4563-9D1A-36C0BB353477}.Release|Any CPU.ActiveCfg = Release|Any CPU
		{E100EF03-9873-4563-9D1A-36C0BB353477}.Release|Any CPU.Build.0 = Release|Any CPU
	EndGlobalSection
	GlobalSection(SolutionProperties) = preSolution
		HideSolutionNode = FALSE
	EndGlobalSection
	GlobalSection(ExtensibilityGlobals) = postSolution
		SolutionGuid = {F54BD8BC-E4DD-4871-A1A8-9B57B33605E6}
	EndGlobalSection
EndGlobal
